
Microsoft Visual Studio Solution File, Format Version 12.00
# Visual Studio 14
VisualStudioVersion = 14.0.25123.0
MinimumVisualStudioVersion = 10.0.40219.1
Project("{696755E9-485F-4EF3-9EE4-9F69F0287D2D}") = "Sitecore.Support.103875", "Sitecore.Support.103875\Sitecore.Support.103875.csproj", "{D4613CEB-1465-45DC-9FD7-B8076A979FBC}"
EndProject
Global
	GlobalSection(SolutionConfigurationPlatforms) = preSolution
		Debug|Any CPU = Debug|Any CPU
		Release|Any CPU = Release|Any CPU
	EndGlobalSection
	GlobalSection(ProjectConfigurationPlatforms) = postSolution
		{D4613CEB-1465-45DC-9FD7-B8076A979FBC}.Debug|Any CPU.ActiveCfg = Debug|Any CPU
		{D4613CEB-1465-45DC-9FD7-B8076A979FBC}.Debug|Any CPU.Build.0 = Debug|Any CPU
		{D4613CEB-1465-45DC-9FD7-B8076A979FBC}.Release|Any CPU.ActiveCfg = Release|Any CPU
		{D4613CEB-1465-45DC-9FD7-B8076A979FBC}.Release|Any CPU.Build.0 = Release|Any CPU
	EndGlobalSection
	GlobalSection(SolutionProperties) = preSolution
		HideSolutionNode = FALSE
	EndGlobalSection
EndGlobal
